
Microsoft Visual Studio Solution File, Format Version 12.00
# Visual Studio 14
VisualStudioVersion = 14.0.25420.1
MinimumVisualStudioVersion = 10.0.40219.1
Project("{8BC9CEB8-8B4A-11D0-8D11-00A0C91BC942}") = "1.1", "1.1\1.1.vcxproj", "{46EED392-A469-4BA4-A54E-55DA77CBF1B8}"
EndProject
Project("{8BC9CEB8-8B4A-11D0-8D11-00A0C91BC942}") = "2.4", "2.4\2.4.vcxproj", "{95FFEDB7-6498-47FF-AF1C-DD471D12110F}"
EndProject
Project("{8BC9CEB8-8B4A-11D0-8D11-00A0C91BC942}") = "3.11-1", "3.11-1\3.11-1.vcxproj", "{AA2DCEBF-D3B1-48A2-812A-B956AE26A97B}"
EndProject
Project("{8BC9CEB8-8B4A-11D0-8D11-00A0C91BC942}") = "3.11-2", "3.11-2\3.11-2.vcxproj", "{346E4748-9A32-4033-B3B2-6074CBC2A561}"
EndProject
Project("{8BC9CEB8-8B4A-11D0-8D11-00A0C91BC942}") = "3.11-3", "3.11-3\3.11-3.vcxproj", "{C22BD6B1-D86D-4187-A301-7E2BE007206A}"
EndProject
Project("{8BC9CEB8-8B4A-11D0-8D11-00A0C91BC942}") = "3.11-4", "3.11-4\3.11-4.vcxproj", "{024DF2A8-2719-480A-9792-F107C0519C2D}"
EndProject
Project("{8BC9CEB8-8B4A-11D0-8D11-00A0C91BC942}") = "3.11-5", "3.11-5\3.11-5.vcxproj", "{10A975C5-BCFC-4335-A646-5E390DE84560}"
EndProject
Project("{8BC9CEB8-8B4A-11D0-8D11-00A0C91BC942}") = "3.11-6", "3.11-6\3.11-6.vcxproj", "{9686AADF-7377-4121-96B5-99814F4697C0}"
EndProject
Project("{8BC9CEB8-8B4A-11D0-8D11-00A0C91BC942}") = "3.11-7", "3.11-7\3.11-7.vcxproj", "{EC9B8568-3734-4219-87D4-85B5055DE595}"
EndProject
Project("{8BC9CEB8-8B4A-11D0-8D11-00A0C91BC942}") = "3.11-8", "3.11-8\3.11-8.vcxproj", "{AC131D85-180B-4FFC-B876-BFF4006D2BC0}"
EndProject
Project("{8BC9CEB8-8B4A-11D0-8D11-00A0C91BC942}") = "4.16", "4.16\4.16.vcxproj", "{916A0E74-1FA9-4363-A5DF-6B058969D70E}"
EndProject
Project("{8BC9CEB8-8B4A-11D0-8D11-00A0C91BC942}") = "4.15", "4.43\4.43.vcxproj", "{95D0BCE5-2382-465D-AAB1-D11BEA8852EB}"
EndProject
Project("{8BC9CEB8-8B4A-11D0-8D11-00A0C91BC942}") = "4.17", "4.17\4.17.vcxproj", "{0FCA6973-07FA-4DD1-A1E5-87ADC279F90D}"
EndProject
Global
	GlobalSection(SolutionConfigurationPlatforms) = preSolution
		Debug|x64 = Debug|x64
		Debug|x86 = Debug|x86
		Release|x64 = Release|x64
		Release|x86 = Release|x86
	EndGlobalSection
	GlobalSection(ProjectConfigurationPlatforms) = postSolution
		{46EED392-A469-4BA4-A54E-55DA77CBF1B8}.Debug|x64.ActiveCfg = Debug|x64
		{46EED392-A469-4BA4-A54E-55DA77CBF1B8}.Debug|x64.Build.0 = Debug|x64
		{46EED392-A469-4BA4-A54E-55DA77CBF1B8}.Debug|x86.ActiveCfg = Debug|Win32
		{46EED392-A469-4BA4-A54E-55DA77CBF1B8}.Debug|x86.Build.0 = Debug|Win32
		{46EED392-A469-4BA4-A54E-55DA77CBF1B8}.Release|x64.ActiveCfg = Release|x64
		{46EED392-A469-4BA4-A54E-55DA77CBF1B8}.Release|x64.Build.0 = Release|x64
		{46EED392-A469-4BA4-A54E-55DA77CBF1B8}.Release|x86.ActiveCfg = Release|Win32
		{46EED392-A469-4BA4-A54E-55DA77CBF1B8}.Release|x86.Build.0 = Release|Win32
		{95FFEDB7-6498-47FF-AF1C-DD471D12110F}.Debug|x64.ActiveCfg = Debug|x64
		{95FFEDB7-6498-47FF-AF1C-DD471D12110F}.Debug|x64.Build.0 = Debug|x64
		{95FFEDB7-6498-47FF-AF1C-DD471D12110F}.Debug|x86.ActiveCfg = Debug|Win32
		{95FFEDB7-6498-47FF-AF1C-DD471D12110F}.Debug|x86.Build.0 = Debug|Win32
		{95FFEDB7-6498-47FF-AF1C-DD471D12110F}.Release|x64.ActiveCfg = Release|x64
		{95FFEDB7-6498-47FF-AF1C-DD471D12110F}.Release|x64.Build.0 = Release|x64
		{95FFEDB7-6498-47FF-AF1C-DD471D12110F}.Release|x86.ActiveCfg = Release|Win32
		{95FFEDB7-6498-47FF-AF1C-DD471D12110F}.Release|x86.Build.0 = Release|Win32
		{AA2DCEBF-D3B1-48A2-812A-B956AE26A97B}.Debug|x64.ActiveCfg = Debug|x64
		{AA2DCEBF-D3B1-48A2-812A-B956AE26A97B}.Debug|x64.Build.0 = Debug|x64
		{AA2DCEBF-D3B1-48A2-812A-B956AE26A97B}.Debug|x86.ActiveCfg = Debug|Win32
		{AA2DCEBF-D3B1-48A2-812A-B956AE26A97B}.Debug|x86.Build.0 = Debug|Win32
		{AA2DCEBF-D3B1-48A2-812A-B956AE26A97B}.Release|x64.ActiveCfg = Release|x64
		{AA2DCEBF-D3B1-48A2-812A-B956AE26A97B}.Release|x64.Build.0 = Release|x64
		{AA2DCEBF-D3B1-48A2-812A-B956AE26A97B}.Release|x86.ActiveCfg = Release|Win32
		{AA2DCEBF-D3B1-48A2-812A-B956AE26A97B}.Release|x86.Build.0 = Release|Win32
		{346E4748-9A32-4033-B3B2-6074CBC2A561}.Debug|x64.ActiveCfg = Debug|x64
		{346E4748-9A32-4033-B3B2-6074CBC2A561}.Debug|x64.Build.0 = Debug|x64
		{346E4748-9A32-4033-B3B2-6074CBC2A561}.Debug|x86.ActiveCfg = Debug|Win32
		{346E4748-9A32-4033-B3B2-6074CBC2A561}.Debug|x86.Build.0 = Debug|Win32
		{346E4748-9A32-4033-B3B2-6074CBC2A561}.Release|x64.ActiveCfg = Release|x64
		{346E4748-9A32-4033-B3B2-6074CBC2A561}.Release|x64.Build.0 = Release|x64
		{346E4748-9A32-4033-B3B2-6074CBC2A561}.Release|x86.ActiveCfg = Release|Win32
		{346E4748-9A32-4033-B3B2-6074CBC2A561}.Release|x86.Build.0 = Release|Win32
		{C22BD6B1-D86D-4187-A301-7E2BE007206A}.Debug|x64.ActiveCfg = Debug|x64
		{C22BD6B1-D86D-4187-A301-7E2BE007206A}.Debug|x64.Build.0 = Debug|x64
		{C22BD6B1-D86D-4187-A301-7E2BE007206A}.Debug|x86.ActiveCfg = Debug|Win32
		{C22BD6B1-D86D-4187-A301-7E2BE007206A}.Debug|x86.Build.0 = Debug|Win32
		{C22BD6B1-D86D-4187-A301-7E2BE007206A}.Release|x64.ActiveCfg = Release|x64
		{C22BD6B1-D86D-4187-A301-7E2BE007206A}.Release|x64.Build.0 = Release|x64
		{C22BD6B1-D86D-4187-A301-7E2BE007206A}.Release|x86.ActiveCfg = Release|Win32
		{C22BD6B1-D86D-4187-A301-7E2BE007206A}.Release|x86.Build.0 = Release|Win32
		{024DF2A8-2719-480A-9792-F107C0519C2D}.Debug|x64.ActiveCfg = Debug|x64
		{024DF2A8-2719-480A-9792-F107C0519C2D}.Debug|x64.Build.0 = Debug|x64
		{024DF2A8-2719-480A-9792-F107C0519C2D}.Debug|x86.ActiveCfg = Debug|Win32
		{024DF2A8-2719-480A-9792-F107C0519C2D}.Debug|x86.Build.0 = Debug|Win32
		{024DF2A8-2719-480A-9792-F107C0519C2D}.Release|x64.ActiveCfg = Release|x64
		{024DF2A8-2719-480A-9792-F107C0519C2D}.Release|x64.Build.0 = Release|x64
		{024DF2A8-2719-480A-9792-F107C0519C2D}.Release|x86.ActiveCfg = Release|Win32
		{024DF2A8-2719-480A-9792-F107C0519C2D}.Release|x86.Build.0 = Release|Win32
		{10A975C5-BCFC-4335-A646-5E390DE84560}.Debug|x64.ActiveCfg = Debug|x64
		{10A975C5-BCFC-4335-A646-5E390DE84560}.Debug|x64.Build.0 = Debug|x64
		{10A975C5-BCFC-4335-A646-5E390DE84560}.Debug|x86.ActiveCfg = Debug|Win32
		{10A975C5-BCFC-4335-A646-5E390DE84560}.Debug|x86.Build.0 = Debug|Win32
		{10A975C5-BCFC-4335-A646-5E390DE84560}.Release|x64.ActiveCfg = Release|x64
		{10A975C5-BCFC-4335-A646-5E390DE84560}.Release|x64.Build.0 = Release|x64
		{10A975C5-BCFC-4335-A646-5E390DE84560}.Release|x86.ActiveCfg = Release|Win32
		{10A975C5-BCFC-4335-A646-5E390DE84560}.Release|x86.Build.0 = Release|Win32
		{9686AADF-7377-4121-96B5-99814F4697C0}.Debug|x64.ActiveCfg = Debug|x64
		{9686AADF-7377-4121-96B5-99814F4697C0}.Debug|x64.Build.0 = Debug|x64
		{9686AADF-7377-4121-96B5-99814F4697C0}.Debug|x86.ActiveCfg = Debug|Win32
		{9686AADF-7377-4121-96B5-99814F4697C0}.Debug|x86.Build.0 = Debug|Win32
		{9686AADF-7377-4121-96B5-99814F4697C0}.Release|x64.ActiveCfg = Release|x64
		{9686AADF-7377-4121-96B5-99814F4697C0}.Release|x64.Build.0 = Release|x64
		{9686AADF-7377-4121-96B5-99814F4697C0}.Release|x86.ActiveCfg = Release|Win32
		{9686AADF-7377-4121-96B5-99814F4697C0}.Release|x86.Build.0 = Release|Win32
		{EC9B8568-3734-4219-87D4-85B5055DE595}.Debug|x64.ActiveCfg = Debug|x64
		{EC9B8568-3734-4219-87D4-85B5055DE595}.Debug|x64.Build.0 = Debug|x64
		{EC9B8568-3734-4219-87D4-85B5055DE595}.Debug|x86.ActiveCfg = Debug|Win32
		{EC9B8568-3734-4219-87D4-85B5055DE595}.Debug|x86.Build.0 = Debug|Win32
		{EC9B8568-3734-4219-87D4-85B5055DE595}.Release|x64.ActiveCfg = Release|x64
		{EC9B8568-3734-4219-87D4-85B5055DE595}.Release|x64.Build.0 = Release|x64
		{EC9B8568-3734-4219-87D4-85B5055DE595}.Release|x86.ActiveCfg = Release|Win32
		{EC9B8568-3734-4219-87D4-85B5055DE595}.Release|x86.Build.0 = Release|Win32
		{AC131D85-180B-4FFC-B876-BFF4006D2BC0}.Debug|x64.ActiveCfg = Debug|x64
		{AC131D85-180B-4FFC-B876-BFF4006D2BC0}.Debug|x64.Build.0 = Debug|x64
		{AC131D85-180B-4FFC-B876-BFF4006D2BC0}.Debug|x86.ActiveCfg = Debug|Win32
		{AC131D85-180B-4FFC-B876-BFF4006D2BC0}.Debug|x86.Build.0 = Debug|Win32
		{AC131D85-180B-4FFC-B876-BFF4006D2BC0}.Release|x64.ActiveCfg = Release|x64
		{AC131D85-180B-4FFC-B876-BFF4006D2BC0}.Release|x64.Build.0 = Release|x64
		{AC131D85-180B-4FFC-B876-BFF4006D2BC0}.Release|x86.ActiveCfg = Release|Win32
		{AC131D85-180B-4FFC-B876-BFF4006D2BC0}.Release|x86.Build.0 = Release|Win32
		{916A0E74-1FA9-4363-A5DF-6B058969D70E}.Debug|x64.ActiveCfg = Debug|x64
		{916A0E74-1FA9-4363-A5DF-6B058969D70E}.Debug|x64.Build.0 = Debug|x64
		{916A0E74-1FA9-4363-A5DF-6B058969D70E}.Debug|x86.ActiveCfg = Debug|Win32
		{916A0E74-1FA9-4363-A5DF-6B058969D70E}.Debug|x86.Build.0 = Debug|Win32
		{916A0E74-1FA9-4363-A5DF-6B058969D70E}.Release|x64.ActiveCfg = Release|x64
		{916A0E74-1FA9-4363-A5DF-6B058969D70E}.Release|x64.Build.0 = Release|x64
		{916A0E74-1FA9-4363-A5DF-6B058969D70E}.Release|x86.ActiveCfg = Release|Win32
		{916A0E74-1FA9-4363-A5DF-6B058969D70E}.Release|x86.Build.0 = Release|Win32
		{95D0BCE5-2382-465D-AAB1-D11BEA8852EB}.Debug|x64.ActiveCfg = Debug|x64
		{95D0BCE5-2382-465D-AAB1-D11BEA8852EB}.Debug|x64.Build.0 = Debug|x64
		{95D0BCE5-2382-465D-AAB1-D11BEA8852EB}.Debug|x86.ActiveCfg = Debug|Win32
		{95D0BCE5-2382-465D-AAB1-D11BEA8852EB}.Debug|x86.Build.0 = Debug|Win32
		{95D0BCE5-2382-465D-AAB1-D11BEA8852EB}.Release|x64.ActiveCfg = Release|x64
		{95D0BCE5-2382-465D-AAB1-D11BEA8852EB}.Release|x64.Build.0 = Release|x64
		{95D0BCE5-2382-465D-AAB1-D11BEA8852EB}.Release|x86.ActiveCfg = Release|Win32
		{95D0BCE5-2382-465D-AAB1-D11BEA8852EB}.Release|x86.Build.0 = Release|Win32
		{0FCA6973-07FA-4DD1-A1E5-87ADC279F90D}.Debug|x64.ActiveCfg = Debug|x64
		{0FCA6973-07FA-4DD1-A1E5-87ADC279F90D}.Debug|x64.Build.0 = Debug|x64
		{0FCA6973-07FA-4DD1-A1E5-87ADC279F90D}.Debug|x86.ActiveCfg = Debug|Win32
		{0FCA6973-07FA-4DD1-A1E5-87ADC279F90D}.Debug|x86.Build.0 = Debug|Win32
		{0FCA6973-07FA-4DD1-A1E5-87ADC279F90D}.Release|x64.ActiveCfg = Release|x64
		{0FCA6973-07FA-4DD1-A1E5-87ADC279F90D}.Release|x64.Build.0 = Release|x64
		{0FCA6973-07FA-4DD1-A1E5-87ADC279F90D}.Release|x86.ActiveCfg = Release|Win32
		{0FCA6973-07FA-4DD1-A1E5-87ADC279F90D}.Release|x86.Build.0 = Release|Win32
	EndGlobalSection
	GlobalSection(SolutionProperties) = preSolution
		HideSolutionNode = FALSE
	EndGlobalSection
EndGlobal
